{
  "name": "node-red-contrib-simpletime",
  "version": "2.11.1",
  "lockfileVersion": 3,
  "requires": true,
  "packages": {
    "": {
      "name": "node-red-contrib-simpletime",
      "version": "2.11.1",
      "license": "Apache-2.0",
      "engines": {
        "node": ">=10.0.0"
      }
    }
  }
}
